
Microsoft Visual Studio Solution File, Format Version 12.00
# Visual Studio 15
VisualStudioVersion = 15.0.28010.2041
MinimumVisualStudioVersion = 10.0.40219.1
Project("{FAE04EC0-301F-11D3-BF4B-00C04F79EFBC}") = "Intel(R) Dynamic Platform", "Intel(R) Dynamic Platform\Intel(R) Dynamic Platform.csproj", "{7B787916-B3CC-4A86-846A-63C8B18A13E6}"
EndProject
Global
	GlobalSection(SolutionConfigurationPlatforms) = preSolution
		Debug|Any CPU = Debug|Any CPU
		Release|Any CPU = Release|Any CPU
	EndGlobalSection
	GlobalSection(ProjectConfigurationPlatforms) = postSolution
		{7B787916-B3CC-4A86-846A-63C8B18A13E6}.Debug|Any CPU.ActiveCfg = Debug|Any CPU
		{7B787916-B3CC-4A86-846A-63C8B18A13E6}.Debug|Any CPU.Build.0 = Debug|Any CPU
		{7B787916-B3CC-4A86-846A-63C8B18A13E6}.Release|Any CPU.ActiveCfg = Release|Any CPU
		{7B787916-B3CC-4A86-846A-63C8B18A13E6}.Release|Any CPU.Build.0 = Release|Any CPU
	EndGlobalSection
	GlobalSection(SolutionProperties) = preSolution
		HideSolutionNode = FALSE
	EndGlobalSection
	GlobalSection(ExtensibilityGlobals) = postSolution
		SolutionGuid = {0938BA9B-6CDB-4CDA-8EBC-799CC28C7E7E}
	EndGlobalSection
EndGlobal
